
Microsoft Visual Studio Solution File, Format Version 12.00
# Visual Studio Version 17
VisualStudioVersion = 17.0.31903.59
MinimumVisualStudioVersion = 10.0.40219.1
Project("{FAE04EC0-301F-11D3-BF4B-00C04F79EFBC}") = "TestUI", "TestUI\TestUI.csproj", "{F06064AA-1DCF-4143-9B12-BB57CB534490}"
EndProject
Project("{FAE04EC0-301F-11D3-BF4B-00C04F79EFBC}") = "HelperLib", "HelperLib\HelperLib.csproj", "{04B23C7C-A147-4C1C-899C-8D3A9147D893}"
EndProject
Global
	GlobalSection(SolutionConfigurationPlatforms) = preSolution
		Debug|Any CPU = Debug|Any CPU
		Release|Any CPU = Release|Any CPU
	EndGlobalSection
	GlobalSection(SolutionProperties) = preSolution
		HideSolutionNode = FALSE
	EndGlobalSection
	GlobalSection(ProjectConfigurationPlatforms) = postSolution
		{F06064AA-1DCF-4143-9B12-BB57CB534490}.Debug|Any CPU.ActiveCfg = Debug|Any CPU
		{F06064AA-1DCF-4143-9B12-BB57CB534490}.Debug|Any CPU.Build.0 = Debug|Any CPU
		{F06064AA-1DCF-4143-9B12-BB57CB534490}.Release|Any CPU.ActiveCfg = Release|Any CPU
		{F06064AA-1DCF-4143-9B12-BB57CB534490}.Release|Any CPU.Build.0 = Release|Any CPU
		{04B23C7C-A147-4C1C-899C-8D3A9147D893}.Debug|Any CPU.ActiveCfg = Debug|Any CPU
		{04B23C7C-A147-4C1C-899C-8D3A9147D893}.Debug|Any CPU.Build.0 = Debug|Any CPU
		{04B23C7C-A147-4C1C-899C-8D3A9147D893}.Release|Any CPU.ActiveCfg = Release|Any CPU
		{04B23C7C-A147-4C1C-899C-8D3A9147D893}.Release|Any CPU.Build.0 = Release|Any CPU
	EndGlobalSection
EndGlobal
